{
    "_readme": [
        "This file locks the dependencies of your project to a known state",
        "Read more about it at https://getcomposer.org/doc/01-basic-usage.md#composer-lock-the-lock-file",
        "This file is @generated automatically"
    ],
    "content-hash": "819dc8d2b0cbcdddcd1914fe7be91b32",
    "packages": [
        {
            "name": "container-interop/container-interop",
            "version": "1.1.0",
            "source": {
                "type": "git",
                "url": "https://github.com/container-interop/container-interop.git",
                "reference": "fc08354828f8fd3245f77a66b9e23a6bca48297e"
            },
            "dist": {
                "type": "zip",
                "url": "https://api.github.com/repos/container-interop/container-interop/zipball/fc08354828f8fd3245f77a66b9e23a6bca48297e",
                "reference": "fc08354828f8fd3245f77a66b9e23a6bca48297e",
                "shasum": ""
            },
            "type": "library",
            "autoload": {
                "psr-4": {
                    "Interop\\Container\\": "src/Interop/Container/"
                }
            },
            "notification-url": "https://packagist.org/downloads/",
            "license": [
                "MIT"
            ],
            "description": "Promoting the interoperability of container objects (DIC, SL, etc.)",
            "time": "2014-12-30T15:22:37+00:00"
        },
        {
            "name": "endroid/qrcode",
            "version": "1.9.1",
            "source": {
                "type": "git",
                "url": "https://github.com/endroid/QrCode.git",
                "reference": "ab09b42778ad67cfe850f9c23165f8d08b756680"
            },
            "dist": {
                "type": "zip",
                "url": "https://api.github.com/repos/endroid/QrCode/zipball/ab09b42778ad67cfe850f9c23165f8d08b756680",
                "reference": "ab09b42778ad67cfe850f9c23165f8d08b756680",
                "shasum": ""
            },
            "require": {
                "ext-gd": "*",
                "php": ">=5.4",
                "symfony/options-resolver": "^2.3|^3.0"
            },
            "require-dev": {
                "phpunit/phpunit": "^4.0|^5.0",
                "sensio/framework-extra-bundle": "^3.0",
                "symfony/browser-kit": "^2.3|^3.0",
                "symfony/framework-bundle": "^2.3|^3.0",
                "symfony/http-kernel": "^2.3|^3.0"
            },
            "type": "library",
            "extra": {
                "branch-alias": {
                    "dev-master": "1.x-dev"
                }
            },
            "autoload": {
                "psr-4": {
                    "Endroid\\QrCode\\": "src/"
                }
            },
            "notification-url": "https://packagist.org/downloads/",
            "license": [
                "MIT"
            ],
            "authors": [
                {
                    "name": "Jeroen van den Enden",
                    "email": "info@endroid.nl",
                    "homepage": "http://endroid.nl/"
                }
            ],
            "description": "Endroid QR Code",
            "homepage": "https://github.com/endroid/QrCode",
            "keywords": [
                "bundle",
                "code",
                "endroid",
                "qr",
                "qrcode",
                "symfony"
            ],
            "time": "2017-01-03T11:02:14+00:00"
        },
        {
            "name": "mpdf/mpdf",
            "version": "v6.0.0",
            "source": {
                "type": "git",
                "url": "https://github.com/mpdf/mpdf.git",
                "reference": "a15743d030ce3b5b7be36c6e83f76589b27c3f2c"
            },
            "dist": {
                "type": "zip",
                "url": "https://api.github.com/repos/mpdf/mpdf/zipball/a15743d030ce3b5b7be36c6e83f76589b27c3f2c",
                "reference": "a15743d030ce3b5b7be36c6e83f76589b27c3f2c",
                "shasum": ""
            },
            "require": {
                "ext-mbstring": "*",
                "php": ">=4.3.10"
            },
            "type": "library",
            "autoload": {
                "classmap": [
                    "mpdf.php",
                    "classes"
                ]
            },
            "notification-url": "https://packagist.org/downloads/",
            "license": [
                "GPL-1.0+"
            ],
            "authors": [
                {
                    "name": "Ian Back"
                }
            ],
            "description": "A PHP class to generate PDF files from HTML with Unicode/UTF-8 and CJK support",
            "homepage": "http://www.mpdf1.com/mpdf/index.php",
            "keywords": [
                "pdf",
                "php",
                "utf-8"
            ],
            "time": "2015-03-01T10:27:49+00:00"
        },
        {
            "name": "nfephp-org/nfephp",
            "version": "v4.0.66",
            "source": {
                "type": "git",
                "url": "https://github.com/nfephp-org/nfephp.git",
                "reference": "8317970a122cd3c47e406e4ddb7ae8f24ec1cc0d"
            },
            "dist": {
                "type": "zip",
                "url": "https://api.github.com/repos/nfephp-org/nfephp/zipball/8317970a122cd3c47e406e4ddb7ae8f24ec1cc0d",
                "reference": "8317970a122cd3c47e406e4ddb7ae8f24ec1cc0d",
                "shasum": ""
            },
            "require": {
                "endroid/qrcode": "1.*@dev",
                "ext-curl": "*",
                "ext-dom": "*",
                "ext-fileinfo": "*",
                "ext-iconv": "*",
                "ext-libxml": "*",
                "ext-mbstring": "*",
                "ext-openssl": "*",
                "ext-soap": "*",
                "ext-xml": "*",
                "ext-xmlreader": "*",
                "ext-zip": "*",
                "ext-zlib": "*",
                "mpdf/mpdf": "6.0.0",
                "php": ">=5.5.0",
                "soundasleep/html2text": "~0.2",
                "zendframework/zend-mail": "^2.5"
            },
            "require-dev": {
                "phpunit/phpunit": "4.*",
                "scrutinizer/ocular": "~1.1",
                "squizlabs/php_codesniffer": "~2.3"
            },
            "type": "library",
            "extra": {
                "branch-alias": {
                    "dev-master": "4.0.x-dev",
                    "dev-develop": "4.1.x-dev"
                }
            },
            "autoload": {
                "psr-4": {
                    "nfephp-org\\nfephp\\": "libs/"
                },
                "psr-0": {
                    "": [
                        "libs/",
                        "tests/"
                    ]
                },
                "classmap": [
                    "./libs/NFe/",
                    "./libs/Common/",
                    "./libs/Common/Base/",
                    "./libs/Common/Certificate/",
                    "./libs/Common/Configure/",
                    "./libs/Common/DateTime/",
                    "./libs/Common/Dom/",
                    "./libs/Common/Exception/",
                    "./libs/Common/Files/",
                    "./libs/Common/Identify/",
                    "./libs/Common/Keys/",
                    "./libs/Common/LotNumber/",
                    "./libs/Common/Modules/",
                    "./libs/Common/Soap/",
                    "./libs/Common/Strings/",
                    "./libs/Extras/"
                ]
            },
            "notification-url": "https://packagist.org/downloads/",
            "license": [
                "GPL-3.0+",
                "LGPL-3.0+"
            ],
            "authors": [
                {
                    "name": "Roberto L. Machado",
                    "email": "linux.rlm@gmail.com.br",
                    "homepage": "http://www.nfephp.org",
                    "role": "Developer"
                },
                {
                    "name": "Comunidade NFePHP",
                    "homepage": "https://github.com/nfephp-org/nfephp/graphs/contributors"
                }
            ],
            "description": "NFePHP é uma API para gerenciamento das comunicações entre o emitente de NFe e os serviços dos SEFAZ estaduais. Inteiramente construido em PHP para rodar sob qualquer sistema operacional.",
            "homepage": "https://github.com/nfephp-org/nfephp",
            "keywords": [
                "nfe",
                "nfephp",
                "sped"
            ],
            "time": "2016-12-31T12:32:25+00:00"
        },
        {
            "name": "soundasleep/html2text",
            "version": "0.3.4",
            "source": {
                "type": "git",
                "url": "https://github.com/soundasleep/html2text.git",
                "reference": "a1f77b8f340c8425b746bef1d1040189e89be334"
            },
            "dist": {
                "type": "zip",
                "url": "https://api.github.com/repos/soundasleep/html2text/zipball/a1f77b8f340c8425b746bef1d1040189e89be334",
                "reference": "a1f77b8f340c8425b746bef1d1040189e89be334",
                "shasum": ""
            },
            "require": {
                "ext-dom": "*",
                "ext-libxml": "*",
                "php": ">=5.3.2"
            },
            "require-dev": {
                "phpunit/phpunit": ">=4.0",
                "soundasleep/component-tests": "dev-master"
            },
            "type": "library",
            "autoload": {
                "psr-4": {
                    "Html2Text\\": "src"
                }
            },
            "notification-url": "https://packagist.org/downloads/",
            "license": [
                "EPL-1.0"
            ],
            "authors": [
                {
                    "name": "Jevon Wright",
                    "homepage": "https://jevon.org",
                    "role": "Developer"
                }
            ],
            "description": "A PHP script to convert HTML into a plain text format",
            "homepage": "https://github.com/soundasleep/html2text",
            "keywords": [
                "email",
                "html",
                "php",
                "text"
            ],
            "time": "2016-06-09T04:56:16+00:00"
        },
        {
            "name": "symfony/options-resolver",
            "version": "v3.2.2",
            "source": {
                "type": "git",
                "url": "https://github.com/symfony/options-resolver.git",
                "reference": "855429e3e9014b9dafee2a667de304c3aaa86fe6"
            },
            "dist": {
                "type": "zip",
                "url": "https://api.github.com/repos/symfony/options-resolver/zipball/855429e3e9014b9dafee2a667de304c3aaa86fe6",
                "reference": "855429e3e9014b9dafee2a667de304c3aaa86fe6",
                "shasum": ""
            },
            "require": {
                "php": ">=5.5.9"
            },
            "type": "library",
            "extra": {
                "branch-alias": {
                    "dev-master": "3.2-dev"
                }
            },
            "autoload": {
                "psr-4": {
                    "Symfony\\Component\\OptionsResolver\\": ""
                },
                "exclude-from-classmap": [
                    "/Tests/"
                ]
            },
            "notification-url": "https://packagist.org/downloads/",
            "license": [
                "MIT"
            ],
            "authors": [
                {
                    "name": "Fabien Potencier",
                    "email": "fabien@symfony.com"
                },
                {
                    "name": "Symfony Community",
                    "homepage": "https://symfony.com/contributors"
                }
            ],
            "description": "Symfony OptionsResolver Component",
            "homepage": "https://symfony.com",
            "keywords": [
                "config",
                "configuration",
                "options"
            ],
            "time": "2017-01-02T20:32:22+00:00"
        },
        {
            "name": "zendframework/zend-loader",
            "version": "2.5.1",
            "source": {
                "type": "git",
                "url": "https://github.com/zendframework/zend-loader.git",
                "reference": "c5fd2f071bde071f4363def7dea8dec7393e135c"
            },
            "dist": {
                "type": "zip",
                "url": "https://api.github.com/repos/zendframework/zend-loader/zipball/c5fd2f071bde071f4363def7dea8dec7393e135c",
                "reference": "c5fd2f071bde071f4363def7dea8dec7393e135c",
                "shasum": ""
            },
            "require": {
                "php": ">=5.3.23"
            },
            "require-dev": {
                "fabpot/php-cs-fixer": "1.7.*",
                "phpunit/phpunit": "~4.0"
            },
            "type": "library",
            "extra": {
                "branch-alias": {
                    "dev-master": "2.5-dev",
                    "dev-develop": "2.6-dev"
                }
            },
            "autoload": {
                "psr-4": {
                    "Zend\\Loader\\": "src/"
                }
            },
            "notification-url": "https://packagist.org/downloads/",
            "license": [
                "BSD-3-Clause"
            ],
            "homepage": "https://github.com/zendframework/zend-loader",
            "keywords": [
                "loader",
                "zf2"
            ],
            "time": "2015-06-03T14:05:47+00:00"
        },
        {
            "name": "zendframework/zend-mail",
            "version": "2.7.2",
            "source": {
                "type": "git",
                "url": "https://github.com/zendframework/zend-mail.git",
                "reference": "8210faa6865f94962f9a5c76269703bfdcf2fa4c"
            },
            "dist": {
                "type": "zip",
                "url": "https://api.github.com/repos/zendframework/zend-mail/zipball/8210faa6865f94962f9a5c76269703bfdcf2fa4c",
                "reference": "8210faa6865f94962f9a5c76269703bfdcf2fa4c",
                "shasum": ""
            },
            "require": {
                "php": "^5.5 || ^7.0",
                "zendframework/zend-loader": "^2.5",
                "zendframework/zend-mime": "^2.5",
                "zendframework/zend-stdlib": "^2.7 || ^3.0",
                "zendframework/zend-validator": "^2.6"
            },
            "require-dev": {
                "phpunit/phpunit": "^4.8",
                "squizlabs/php_codesniffer": "^2.3.1",
                "zendframework/zend-config": "^2.6",
                "zendframework/zend-crypt": "^2.6",
                "zendframework/zend-servicemanager": "^2.7.5 || ^3.0.3"
            },
            "suggest": {
                "zendframework/zend-crypt": "Crammd5 support in SMTP Auth",
                "zendframework/zend-servicemanager": "^2.7.5 || ^3.0.3 when using SMTP to deliver messages"
            },
            "type": "library",
            "extra": {
                "branch-alias": {
                    "dev-master": "2.7-dev",
                    "dev-develop": "2.8-dev"
                },
                "zf": {
                    "component": "Zend\\Mail",
                    "config-provider": "Zend\\Mail\\ConfigProvider"
                }
            },
            "autoload": {
                "psr-4": {
                    "Zend\\Mail\\": "src/"
                }
            },
            "notification-url": "https://packagist.org/downloads/",
            "license": [
                "BSD-3-Clause"
            ],
            "description": "provides generalized functionality to compose and send both text and MIME-compliant multipart e-mail messages",
            "homepage": "https://github.com/zendframework/zend-mail",
            "keywords": [
                "mail",
                "zf2"
            ],
            "time": "2016-12-19T22:46:35+00:00"
        },
        {
            "name": "zendframework/zend-mime",
            "version": "2.6.1",
            "source": {
                "type": "git",
                "url": "https://github.com/zendframework/zend-mime.git",
                "reference": "9e53a97a3c190d45cc5d584daaaf487d509a9285"
            },
            "dist": {
                "type": "zip",
                "url": "https://api.github.com/repos/zendframework/zend-mime/zipball/9e53a97a3c190d45cc5d584daaaf487d509a9285",
                "reference": "9e53a97a3c190d45cc5d584daaaf487d509a9285",
                "shasum": ""
            },
            "require": {
                "php": "^5.5 || ^7.0",
                "zendframework/zend-stdlib": "^2.7 || ^3.0"
            },
            "require-dev": {
                "phpunit/phpunit": "^4.7 || ^5.7",
                "zendframework/zend-coding-standard": "~1.0.0",
                "zendframework/zend-mail": "^2.6"
            },
            "suggest": {
                "zendframework/zend-mail": "Zend\\Mail component"
            },
            "type": "library",
            "extra": {
                "branch-alias": {
                    "dev-master": "2.6-dev",
                    "dev-develop": "2.7-dev"
                }
            },
            "autoload": {
                "psr-4": {
                    "Zend\\Mime\\": "src/"
                }
            },
            "notification-url": "https://packagist.org/downloads/",
            "license": [
                "BSD-3-Clause"
            ],
            "homepage": "https://github.com/zendframework/zend-mime",
            "keywords": [
                "mime",
                "zf2"
            ],
            "time": "2017-01-16T16:43:38+00:00"
        },
        {
            "name": "zendframework/zend-stdlib",
            "version": "3.0.1",
            "source": {
                "type": "git",
                "url": "https://github.com/zendframework/zend-stdlib.git",
                "reference": "8bafa58574204bdff03c275d1d618aaa601588ae"
            },
            "dist": {
                "type": "zip",
                "url": "https://api.github.com/repos/zendframework/zend-stdlib/zipball/8bafa58574204bdff03c275d1d618aaa601588ae",
                "reference": "8bafa58574204bdff03c275d1d618aaa601588ae",
                "shasum": ""
            },
            "require": {
                "php": "^5.5 || ^7.0"
            },
            "require-dev": {
                "athletic/athletic": "~0.1",
                "fabpot/php-cs-fixer": "1.7.*",
                "phpunit/phpunit": "~4.0"
            },
            "type": "library",
            "extra": {
                "branch-alias": {
                    "dev-master": "3.0-dev",
                    "dev-develop": "3.1-dev"
                }
            },
            "autoload": {
                "psr-4": {
                    "Zend\\Stdlib\\": "src/"
                }
            },
            "notification-url": "https://packagist.org/downloads/",
            "license": [
                "BSD-3-Clause"
            ],
            "homepage": "https://github.com/zendframework/zend-stdlib",
            "keywords": [
                "stdlib",
                "zf2"
            ],
            "time": "2016-04-12T21:19:36+00:00"
        },
        {
            "name": "zendframework/zend-validator",
            "version": "2.8.2",
            "source": {
                "type": "git",
                "url": "https://github.com/zendframework/zend-validator.git",
                "reference": "99b528e01276054458da9553b587cfb959dfa436"
            },
            "dist": {
                "type": "zip",
                "url": "https://api.github.com/repos/zendframework/zend-validator/zipball/99b528e01276054458da9553b587cfb959dfa436",
                "reference": "99b528e01276054458da9553b587cfb959dfa436",
                "shasum": ""
            },
            "require": {
                "container-interop/container-interop": "^1.1",
                "php": "^5.5 || ^7.0",
                "zendframework/zend-stdlib": "^2.7 || ^3.0"
            },
            "require-dev": {
                "fabpot/php-cs-fixer": "1.7.*",
                "phpunit/phpunit": "^4.0",
                "zendframework/zend-cache": "^2.6.1",
                "zendframework/zend-config": "^2.6",
                "zendframework/zend-db": "^2.7",
                "zendframework/zend-filter": "^2.6",
                "zendframework/zend-http": "^2.5.4",
                "zendframework/zend-i18n": "^2.6",
                "zendframework/zend-math": "^2.6",
                "zendframework/zend-servicemanager": "^2.7.5 || ^3.0.3",
                "zendframework/zend-session": "^2.6.2",
                "zendframework/zend-uri": "^2.5"
            },
            "suggest": {
                "zendframework/zend-db": "Zend\\Db component",
                "zendframework/zend-filter": "Zend\\Filter component, required by the Digits validator",
                "zendframework/zend-i18n": "Zend\\I18n component to allow translation of validation error messages as well as to use the various Date validators",
                "zendframework/zend-i18n-resources": "Translations of validator messages",
                "zendframework/zend-math": "Zend\\Math component",
                "zendframework/zend-servicemanager": "Zend\\ServiceManager component to allow using the ValidatorPluginManager and validator chains",
                "zendframework/zend-session": "Zend\\Session component",
                "zendframework/zend-uri": "Zend\\Uri component, required by the Uri and Sitemap\\Loc validators"
            },
            "type": "library",
            "extra": {
                "branch-alias": {
                    "dev-master": "2.8-dev",
                    "dev-develop": "2.9-dev"
                },
                "zf": {
                    "component": "Zend\\Validator",
                    "config-provider": "Zend\\Validator\\ConfigProvider"
                }
            },
            "autoload": {
                "psr-4": {
                    "Zend\\Validator\\": "src/"
                }
            },
            "notification-url": "https://packagist.org/downloads/",
            "license": [
                "BSD-3-Clause"
            ],
            "description": "provides a set of commonly needed validators",
            "homepage": "https://github.com/zendframework/zend-validator",
            "keywords": [
                "validator",
                "zf2"
            ],
            "time": "2017-01-29T17:24:24+00:00"
        }
    ],
    "packages-dev": [],
    "aliases": [],
    "minimum-stability": "stable",
    "stability-flags": [],
    "prefer-stable": false,
    "prefer-lowest": false,
    "platform": [],
    "platform-dev": []
}
